// !$*UTF8*$!
{
	archiveVersion = 1;
	classes = {
	};
	objectVersion = 50;
	objects = {

/* Begin PBXBuildFile section */
		22673E8521D3D7AE00746425 /* GoogleAutoComplete.swift in Sources */ = {isa = PBXBuildFile; fileRef = 22673E8421D3D7AE00746425 /* GoogleAutoComplete.swift */; };
		22673E8721D3D7E500746425 /* GoogleGeocode.swift in Sources */ = {isa = PBXBuildFile; fileRef = 22673E8621D3D7E500746425 /* GoogleGeocode.swift */; };
		22673E8921D3D9D600746425 /* ApiRequest.swift in Sources */ = {isa = PBXBuildFile; fileRef = 22673E8821D3D9D600746425 /* ApiRequest.swift */; };
		22673E8D21D3EBEF00746425 /* NetworkRequest.swift in Sources */ = {isa = PBXBuildFile; fileRef = 22673E8C21D3EBEF00746425 /* NetworkRequest.swift */; };
		22673E8F21D3F14F00746425 /* SelectLocationView.swift in Sources */ = {isa = PBXBuildFile; fileRef = 22673E8E21D3F14F00746425 /* SelectLocationView.swift */; };
		22EE160421D376CB00D56C0A /* AppDelegate.swift in Sources */ = {isa = PBXBuildFile; fileRef = 22EE160321D376CB00D56C0A /* AppDelegate.swift */; };
		22EE160621D376CB00D56C0A /* ViewController.swift in Sources */ = {isa = PBXBuildFile; fileRef = 22EE160521D376CB00D56C0A /* ViewController.swift */; };
		22EE160921D376CB00D56C0A /* Main.storyboard in Resources */ = {isa = PBXBuildFile; fileRef = 22EE160721D376CB00D56C0A /* Main.storyboard */; };
		22EE160B21D376CD00D56C0A /* Assets.xcassets in Resources */ = {isa = PBXBuildFile; fileRef = 22EE160A21D376CD00D56C0A /* Assets.xcassets */; };
		22EE160E21D376CD00D56C0A /* LaunchScreen.storyboard in Resources */ = {isa = PBXBuildFile; fileRef = 22EE160C21D376CD00D56C0A /* LaunchScreen.storyboard */; };
/* End PBXBuildFile section */

/* Begin PBXFileReference section */
		22673E8421D3D7AE00746425 /* GoogleAutoComplete.swift */ = {isa = PBXFileReference; lastKnownFileType = sourcecode.swift; path = GoogleAutoComplete.swift; sourceTree = "<group>"; };
		22673E8621D3D7E500746425 /* GoogleGeocode.swift */ = {isa = PBXFileReference; lastKnownFileType = sourcecode.swift; path = GoogleGeocode.swift; sourceTree = "<group>"; };
		22673E8821D3D9D600746425 /* ApiRequest.swift */ = {isa = PBXFileReference; lastKnownFileType = sourcecode.swift; path = ApiRequest.swift; sourceTree = "<group>"; };
		22673E8C21D3EBEF00746425 /* NetworkRequest.swift */ = {isa = PBXFileReference; lastKnownFileType = sourcecode.swift; path = NetworkRequest.swift; sourceTree = "<group>"; };
		22673E8E21D3F14F00746425 /* SelectLocationView.swift */ = {isa = PBXFileReference; lastKnownFileType = sourcecode.swift; path = SelectLocationView.swift; sourceTree = "<group>"; };
		22EE160021D376CB00D56C0A /* LyftSearch.app */ = {isa = PBXFileReference; explicitFileType = wrapper.application; includeInIndex = 0; path = LyftSearch.app; sourceTree = BUILT_PRODUCTS_DIR; };
		22EE160321D376CB00D56C0A /* AppDelegate.swift */ = {isa = PBXFileReference; lastKnownFileType = sourcecode.swift; path = AppDelegate.swift; sourceTree = "<group>"; };
		22EE160521D376CB00D56C0A /* ViewController.swift */ = {isa = PBXFileReference; lastKnownFileType = sourcecode.swift; path = ViewController.swift; sourceTree = "<group>"; };
		22EE160821D376CB00D56C0A /* Base */ = {isa = PBXFileReference; lastKnownFileType = file.storyboard; name = Base; path = Base.lproj/Main.storyboard; sourceTree = "<group>"; };
		22EE160A21D376CD00D56C0A /* Assets.xcassets */ = {isa = PBXFileReference; lastKnownFileType = folder.assetcatalog; path = Assets.xcassets; sourceTree = "<group>"; };
		22EE160D21D376CD00D56C0A /* Base */ = {isa = PBXFileReference; lastKnownFileType = file.storyboard; name = Base; path = Base.lproj/LaunchScreen.storyboard; sourceTree = "<group>"; };
		22EE160F21D376CD00D56C0A /* Info.plist */ = {isa = PBXFileReference; lastKnownFileType = text.plist.xml; path = Info.plist; sourceTree = "<group>"; };
/* End PBXFileReference section */

/* Begin PBXFrameworksBuildPhase section */
		22EE15FD21D376CB00D56C0A /* Frameworks */ = {
			isa = PBXFrameworksBuildPhase;
			buildActionMask = 2147483647;
			files = (
			);
			runOnlyForDeploymentPostprocessing = 0;
		};
/* End PBXFrameworksBuildPhase section */

/* Begin PBXGroup section */
		22673E8321D3D7A100746425 /* DataModel */ = {
			isa = PBXGroup;
			children = (
				22673E8421D3D7AE00746425 /* GoogleAutoComplete.swift */,
				22673E8621D3D7E500746425 /* GoogleGeocode.swift */,
				22673E8821D3D9D600746425 /* ApiRequest.swift */,
			);
			path = DataModel;
			sourceTree = "<group>";
		};
		22673E9021D4018000746425 /* Views */ = {
			isa = PBXGroup;
			children = (
				22673E8E21D3F14F00746425 /* SelectLocationView.swift */,
			);
			path = Views;
			sourceTree = "<group>";
		};
		22EE15F721D376CB00D56C0A = {
			isa = PBXGroup;
			children = (
				22EE160221D376CB00D56C0A /* LyftSearch */,
				22EE160121D376CB00D56C0A /* Products */,
			);
			sourceTree = "<group>";
		};
		22EE160121D376CB00D56C0A /* Products */ = {
			isa = PBXGroup;
			children = (
				22EE160021D376CB00D56C0A /* LyftSearch.app */,
			);
			name = Products;
			sourceTree = "<group>";
		};
		22EE160221D376CB00D56C0A /* LyftSearch */ = {
			isa = PBXGroup;
			children = (
				22673E9021D4018000746425 /* Views */,
				22673E8321D3D7A100746425 /* DataModel */,
				22EE160321D376CB00D56C0A /* AppDelegate.swift */,
				22EE160521D376CB00D56C0A /* ViewController.swift */,
				22EE160721D376CB00D56C0A /* Main.storyboard */,
				22EE160A21D376CD00D56C0A /* Assets.xcassets */,
				22EE160C21D376CD00D56C0A /* LaunchScreen.storyboard */,
				22EE160F21D376CD00D56C0A /* Info.plist */,
				22673E8C21D3EBEF00746425 /* NetworkRequest.swift */,
			);
			path = LyftSearch;
			sourceTree = "<group>";
		};
/* End PBXGroup section */

/* Begin PBXNativeTarget section */
		22EE15FF21D376CB00D56C0A /* LyftSearch */ = {
			isa = PBXNativeTarget;
			buildConfigurationList = 22EE161221D376CD00D56C0A /* Build configuration list for PBXNativeTarget "LyftSearch" */;
			buildPhases = (
				22EE15FC21D376CB00D56C0A /* Sources */,
				22EE15FD21D376CB00D56C0A /* Frameworks */,
				22EE15FE21D376CB00D56C0A /* Resources */,
			);
			buildRules = (
			);
			dependencies = (
			);
			name = LyftSearch;
			productName = LyftSearch;
			productReference = 22EE160021D376CB00D56C0A /* LyftSearch.app */;
			productType = "com.apple.product-type.application";
		};
/* End PBXNativeTarget section */

/* Begin PBXProject section */
		22EE15F821D376CB00D56C0A /* Project object */ = {
			isa = PBXProject;
			attributes = {
				LastSwiftUpdateCheck = 1010;
				LastUpgradeCheck = 1010;
				ORGANIZATIONNAME = "Muhammad Salman Zafar";
				TargetAttributes = {
					22EE15FF21D376CB00D56C0A = {
						CreatedOnToolsVersion = 10.1;
					};
				};
			};
			buildConfigurationList = 22EE15FB21D376CB00D56C0A /* Build configuration list for PBXProject "LyftSearch" */;
			compatibilityVersion = "Xcode 9.3";
			developmentRegion = en;
			hasScannedForEncodings = 0;
			knownRegions = (
				en,
				Base,
			);
			mainGroup = 22EE15F721D376CB00D56C0A;
			productRefGroup = 22EE160121D376CB00D56C0A /* Products */;
			projectDirPath = "";
			projectRoot = "";
			targets = (
				22EE15FF21D376CB00D56C0A /* LyftSearch */,
			);
		};
/* End PBXProject section */

/* Begin PBXResourcesBuildPhase section */
		22EE15FE21D376CB00D56C0A /* Resources */ = {
			isa = PBXResourcesBuildPhase;
			buildActionMask = 2147483647;
			files = (
				22EE160E21D376CD00D56C0A /* LaunchScreen.storyboard in Resources */,
				22EE160B21D376CD00D56C0A /* Assets.xcassets in Resources */,
				22EE160921D376CB00D56C0A /* Main.storyboard in Resources */,
			);
			runOnlyForDeploymentPostprocessing = 0;
		};
/* End PBXResourcesBuildPhase section */

/* Begin PBXSourcesBuildPhase section */
		22EE15FC21D376CB00D56C0A /* Sources */ = {
			isa = PBXSourcesBuildPhase;
			buildActionMask = 2147483647;
			files = (
				22673E8521D3D7AE00746425 /* GoogleAutoComplete.swift in Sources */,
				22673E8721D3D7E500746425 /* GoogleGeocode.swift in Sources */,
				22EE160621D376CB00D56C0A /* ViewController.swift in Sources */,
				22673E8921D3D9D600746425 /* ApiRequest.swift in Sources */,
				22673E8D21D3EBEF00746425 /* NetworkRequest.swift in Sources */,
				22EE160421D376CB00D56C0A /* AppDelegate.swift in Sources */,
				22673E8F21D3F14F00746425 /* SelectLocationView.swift in Sources */,
			);
			runOnlyForDeploymentPostprocessing = 0;
		};
/* End PBXSourcesBuildPhase section */

/* Begin PBXVariantGroup section */
		22EE160721D376CB00D56C0A /* Main.storyboard */ = {
			isa = PBXVariantGroup;
			children = (
				22EE160821D376CB00D56C0A /* Base */,
			);
			name = Main.storyboard;
			sourceTree = "<group>";
		};
		22EE160C21D376CD00D56C0A /* LaunchScreen.storyboard */ = {
			isa = PBXVariantGroup;
			children = (
				22EE160D21D376CD00D56C0A /* Base */,
			);
			name = LaunchScreen.storyboard;
			sourceTree = "<group>";
		};
/* End PBXVariantGroup section */

/* Begin XCBuildConfiguration section */
		22EE161021D376CD00D56C0A /* Debug */ = {
			isa = XCBuildConfiguration;
			buildSettings = {
				ALWAYS_SEARCH_USER_PATHS = NO;
				CLANG_ANALYZER_NONNULL = YES;
				CLANG_ANALYZER_NUMBER_OBJECT_CONVERSION = YES_AGGRESSIVE;
				CLANG_CXX_LANGUAGE_STANDARD = "gnu++14";
				CLANG_CXX_LIBRARY = "libc++";
				CLANG_ENABLE_MODULES = YES;
				CLANG_ENABLE_OBJC_ARC = YES;
				CLANG_ENABLE_OBJC_WEAK = YES;
				CLANG_WARN_BLOCK_CAPTURE_AUTORELEASING = YES;
				CLANG_WARN_BOOL_CONVERSION = YES;
				CLANG_WARN_COMMA = YES;
				CLANG_WARN_CONSTANT_CONVERSION = YES;
				CLANG_WARN_DEPRECATED_OBJC_IMPLEMENTATIONS = YES;
				CLANG_WARN_DIRECT_OBJC_ISA_USAGE = YES_ERROR;
				CLANG_WARN_DOCUMENTATION_COMMENTS = YES;
				CLANG_WARN_EMPTY_BODY = YES;
				CLANG_WARN_ENUM_CONVERSION = YES;
				CLANG_WARN_INFINITE_RECURSION = YES;
				CLANG_WARN_INT_CONVERSION = YES;
				CLANG_WARN_NON_LITERAL_NULL_CONVERSION = YES;
				CLANG_WARN_OBJC_IMPLICIT_RETAIN_SELF = YES;
				CLANG_WARN_OBJC_LITERAL_CONVERSION = YES;
				CLANG_WARN_OBJC_ROOT_CLASS = YES_ERROR;
				CLANG_WARN_RANGE_LOOP_ANALYSIS = YES;
				CLANG_WARN_STRICT_PROTOTYPES = YES;
				CLANG_WARN_SUSPICIOUS_MOVE = YES;
				CLANG_WARN_UNGUARDED_AVAILABILITY = YES_AGGRESSIVE;
				CLANG_WARN_UNREACHABLE_CODE = YES;
				CLANG_WARN__DUPLICATE_METHOD_MATCH = YES;
				CODE_SIGN_IDENTITY = "iPhone Developer";
				COPY_PHASE_STRIP = NO;
				DEBUG_INFORMATION_FORMAT = dwarf;
				ENABLE_STRICT_OBJC_MSGSEND = YES;
				ENABLE_TESTABILITY = YES;
				GCC_C_LANGUAGE_STANDARD = gnu11;
				GCC_DYNAMIC_NO_PIC = NO;
				GCC_NO_COMMON_BLOCKS = YES;
				GCC_OPTIMIZATION_LEVEL = 0;
				GCC_PREPROCESSOR_DEFINITIONS = (
					"DEBUG=1",
					"$(inherited)",
				);
				GCC_WARN_64_TO_32_BIT_CONVERSION = YES;
				GCC_WARN_ABOUT_RETURN_TYPE = YES_ERROR;
				GCC_WARN_UNDECLARED_SELECTOR = YES;
				GCC_WARN_UNINITIALIZED_AUTOS = YES_AGGRESSIVE;
				GCC_WARN_UNUSED_FUNCTION = YES;
				GCC_WARN_UNUSED_VARIABLE = YES;
				IPHONEOS_DEPLOYMENT_TARGET = 12.1;
				MTL_ENABLE_DEBUG_INFO = INCLUDE_SOURCE;
				MTL_FAST_MATH = YES;
				ONLY_ACTIVE_ARCH = YES;
				SDKROOT = iphoneos;
				SWIFT_ACTIVE_COMPILATION_CONDITIONS = DEBUG;
				SWIFT_OPTIMIZATION_LEVEL = "-Onone";
			};
			name = Debug;
		};
		22EE161121D376CD00D56C0A /* Release */ = {
			isa = XCBuildConfiguration;
			buildSettings = {
				ALWAYS_SEARCH_USER_PATHS = NO;
				CLANG_ANALYZER_NONNULL = YES;
				CLANG_ANALYZER_NUMBER_OBJECT_CONVERSION = YES_AGGRESSIVE;
				CLANG_CXX_LANGUAGE_STANDARD = "gnu++14";
				CLANG_CXX_LIBRARY = "libc++";
				CLANG_ENABLE_MODULES = YES;
				CLANG_ENABLE_OBJC_ARC = YES;
				CLANG_ENABLE_OBJC_WEAK = YES;
				CLANG_WARN_BLOCK_CAPTURE_AUTORELEASING = YES;
				CLANG_WARN_BOOL_CONVERSION = YES;
				CLANG_WARN_COMMA = YES;
				CLANG_WARN_CONSTANT_CONVERSION = YES;
				CLANG_WARN_DEPRECATED_OBJC_IMPLEMENTATIONS = YES;
				CLANG_WARN_DIRECT_OBJC_ISA_USAGE = YES_ERROR;
				CLANG_WARN_DOCUMENTATION_COMMENTS = YES;
				CLANG_WARN_EMPTY_BODY = YES;
				CLANG_WARN_ENUM_CONVERSION = YES;
				CLANG_WARN_INFINITE_RECURSION = YES;
				CLANG_WARN_INT_CONVERSION = YES;
				CLANG_WARN_NON_LITERAL_NULL_CONVERSION = YES;
				CLANG_WARN_OBJC_IMPLICIT_RETAIN_SELF = YES;
				CLANG_WARN_OBJC_LITERAL_CONVERSION = YES;
				CLANG_WARN_OBJC_ROOT_CLASS = YES_ERROR;
				CLANG_WARN_RANGE_LOOP_ANALYSIS = YES;
				CLANG_WARN_STRICT_PROTOTYPES = YES;
				CLANG_WARN_SUSPICIOUS_MOVE = YES;
				CLANG_WARN_UNGUARDED_AVAILABILITY = YES_AGGRESSIVE;
				CLANG_WARN_UNREACHABLE_CODE = YES;
				CLANG_WARN__DUPLICATE_METHOD_MATCH = YES;
				CODE_SIGN_IDENTITY = "iPhone Developer";
				COPY_PHASE_STRIP = NO;
				DEBUG_INFORMATION_FORMAT = "dwarf-with-dsym";
				ENABLE_NS_ASSERTIONS = NO;
				ENABLE_STRICT_OBJC_MSGSEND = YES;
				GCC_C_LANGUAGE_STANDARD = gnu11;
				GCC_NO_COMMON_BLOCKS = YES;
				GCC_WARN_64_TO_32_BIT_CONVERSION = YES;
				GCC_WARN_ABOUT_RETURN_TYPE = YES_ERROR;
				GCC_WARN_UNDECLARED_SELECTOR = YES;
				GCC_WARN_UNINITIALIZED_AUTOS = YES_AGGRESSIVE;
				GCC_WARN_UNUSED_FUNCTION = YES;
				GCC_WARN_UNUSED_VARIABLE = YES;
				IPHONEOS_DEPLOYMENT_TARGET = 12.1;
				MTL_ENABLE_DEBUG_INFO = NO;
				MTL_FAST_MATH = YES;
				SDKROOT = iphoneos;
				SWIFT_COMPILATION_MODE = wholemodule;
				SWIFT_OPTIMIZATION_LEVEL = "-O";
				VALIDATE_PRODUCT = YES;
			};
			name = Release;
		};
		22EE161321D376CD00D56C0A /* Debug */ = {
			isa = XCBuildConfiguration;
			buildSettings = {
				ASSETCATALOG_COMPILER_APPICON_NAME = AppIcon;
				CODE_SIGN_STYLE = Automatic;
				DEVELOPMENT_TEAM = 2PS2L6JR27;
				INFOPLIST_FILE = LyftSearch/Info.plist;
				LD_RUNPATH_SEARCH_PATHS = (
					"$(inherited)",
					"@executable_path/Frameworks",
				);
				PRODUCT_BUNDLE_IDENTIFIER = com.salman.LyftSearch;
				PRODUCT_NAME = "$(TARGET_NAME)";
				SWIFT_VERSION = 4.2;
				TARGETED_DEVICE_FAMILY = "1,2";
			};
			name = Debug;
		};
		22EE161421D376CD00D56C0A /* Release */ = {
			isa = XCBuildConfiguration;
			buildSettings = {
				ASSETCATALOG_COMPILER_APPICON_NAME = AppIcon;
				CODE_SIGN_STYLE = Automatic;
				DEVELOPMENT_TEAM = 2PS2L6JR27;
				INFOPLIST_FILE = LyftSearch/Info.plist;
				LD_RUNPATH_SEARCH_PATHS = (
					"$(inherited)",
					"@executable_path/Frameworks",
				);
				PRODUCT_BUNDLE_IDENTIFIER = com.salman.LyftSearch;
				PRODUCT_NAME = "$(TARGET_NAME)";
				SWIFT_VERSION = 4.2;
				TARGETED_DEVICE_FAMILY = "1,2";
			};
			name = Release;
		};
/* End XCBuildConfiguration section */

/* Begin XCConfigurationList section */
		22EE15FB21D376CB00D56C0A /* Build configuration list for PBXProject "LyftSearch" */ = {
			isa = XCConfigurationList;
			buildConfigurations = (
				22EE161021D376CD00D56C0A /* Debug */,
				22EE161121D376CD00D56C0A /* Release */,
			);
			defaultConfigurationIsVisible = 0;
			defaultConfigurationName = Release;
		};
		22EE161221D376CD00D56C0A /* Build configuration list for PBXNativeTarget "LyftSearch" */ = {
			isa = XCConfigurationList;
			buildConfigurations = (
				22EE161321D376CD00D56C0A /* Debug */,
				22EE161421D376CD00D56C0A /* Release */,
			);
			defaultConfigurationIsVisible = 0;
			defaultConfigurationName = Release;
		};
/* End XCConfigurationList section */
	};
	rootObject = 22EE15F821D376CB00D56C0A /* Project object */;
}
